PODS:
  - AFNetworking (3.1.0):
    - AFNetworking/NSURLSession (= 3.1.0)
    - AFNetworking/Reachability (= 3.1.0)
    - AFNetworking/Security (= 3.1.0)
    - AFNetworking/Serialization (= 3.1.0)
    - AFNetworking/UIKit (= 3.1.0)
  - AFNetworking/NSURLSession (3.1.0):
    - AFNetworking/Reachability
    - AFNetworking/Security
    - AFNetworking/Serialization
  - AFNetworking/Reachability (3.1.0)
  - AFNetworking/Security (3.1.0)
  - AFNetworking/Serialization (3.1.0)
  - AFNetworking/UIKit (3.1.0):
    - AFNetworking/NSURLSession
  - BlocksKit (2.2.5):
    - BlocksKit/All (= 2.2.5)
  - BlocksKit/All (2.2.5):
    - BlocksKit/Core
    - BlocksKit/DynamicDelegate
    - BlocksKit/MessageUI
    - BlocksKit/UIKit
  - BlocksKit/Core (2.2.5)
  - BlocksKit/DynamicDelegate (2.2.5)
  - BlocksKit/MessageUI (2.2.5):
    - BlocksKit/Core
    - BlocksKit/DynamicDelegate
  - BlocksKit/UIKit (2.2.5):
    - BlocksKit/Core
    - BlocksKit/DynamicDelegate
  - DeviceUtil (2.0.3)
  - DZNEmptyDataSet (1.8.1)
  - GMGridView (1.1.1)
  - HappyDNS (0.3.10)
  - Masonry (1.0.2)
  - MBProgressHUD (1.0.0)
  - MJRefresh (3.1.12)
  - NIMSDK (3.3.0)
  - NJKWebViewProgress (0.2.3):
    - NJKWebViewProgress/Core (= 0.2.3)
    - NJKWebViewProgress/ProgressView (= 0.2.3)
  - NJKWebViewProgress/Core (0.2.3)
  - NJKWebViewProgress/ProgressView (0.2.3)
  - pili-librtmp (1.0.6)
  - PLMediaStreamingKit (2.1.6):
    - HappyDNS (= 0.3.10)
    - pili-librtmp (= 1.0.6)
    - PLMediaStreamingKit/Common (= 2.1.6)
    - PLMediaStreamingKit/PLCameraStreamingKit (= 2.1.6)
    - PLMediaStreamingKit/PLMediaStreamingKit (= 2.1.6)
    - PLMediaStreamingKit/PLRTCStreamingKit (= 2.1.6)
    - PLMediaStreamingKit/PLStreamingKit (= 2.1.6)
    - QNNetDiag (= 0.0.3)
  - PLMediaStreamingKit/Common (2.1.6):
    - HappyDNS (= 0.3.10)
    - pili-librtmp (= 1.0.6)
    - QNNetDiag (= 0.0.3)
  - PLMediaStreamingKit/PLCameraStreamingKit (2.1.6):
    - HappyDNS (= 0.3.10)
    - pili-librtmp (= 1.0.6)
    - PLMediaStreamingKit/PLStreamingKit
    - QNNetDiag (= 0.0.3)
  - PLMediaStreamingKit/PLMediaStreamingKit (2.1.6):
    - HappyDNS (= 0.3.10)
    - pili-librtmp (= 1.0.6)
    - PLMediaStreamingKit/PLCameraStreamingKit
    - PLMediaStreamingKit/PLRTCStreamingKit
    - QNNetDiag (= 0.0.3)
  - PLMediaStreamingKit/PLRTCStreamingKit (2.1.6):
    - HappyDNS (= 0.3.10)
    - pili-librtmp (= 1.0.6)
    - PLMediaStreamingKit/PLStreamingKit
    - QNNetDiag (= 0.0.3)
  - PLMediaStreamingKit/PLStreamingKit (2.1.6):
    - HappyDNS (= 0.3.10)
    - pili-librtmp (= 1.0.6)
    - PLMediaStreamingKit/Common
    - QNNetDiag (= 0.0.3)
  - QNNetDiag (0.0.3)
  - SDWebImage (3.8.2):
    - SDWebImage/Core (= 3.8.2)
  - SDWebImage/Core (3.8.2)
  - SocketRocket (0.5.1)
  - TMCache (2.1.0)
  - UMengSocialCOM (5.2.1)
  - YYKit (1.0.9):
    - YYKit/no-arc (= 1.0.9)
  - YYKit/no-arc (1.0.9)

DEPENDENCIES:
  - AFNetworking (~> 3.1.0)
  - BlocksKit (~> 2.2.5)
  - DeviceUtil (~> 2.0.1)
  - DZNEmptyDataSet
  - GMGridView
  - Masonry (~> 1.0.1)
  - MBProgressHUD
  - MJRefresh
  - NIMSDK
  - NJKWebViewProgress (~> 0.2.3)
  - PLMediaStreamingKit (~> 2.1.5)
  - SDWebImage (~> 3.8.0)
  - SocketRocket
  - TMCache (~> 2.1.0)
  - UMengSocialCOM
  - YYKit (~> 1.0.6)

SPEC CHECKSUMS:
  AFNetworking: 5e0e199f73d8626b11e79750991f5d173d1f8b67
  BlocksKit: 7f422b971407001178d181a43b99014ea2591fe6
  DeviceUtil: bd9597d040b3960698b71f3c1b940c7143a06eae
  DZNEmptyDataSet: 9525833b9e68ac21c30253e1d3d7076cc828eaa7
  GMGridView: 0e91e818e8b4768cfa1132ff3fdff24391ee230c
  HappyDNS: 06a9fed2796663fd87626dbf02552933265bf059
  Masonry: 7c429b56da9d4ee0bbb3ed77a5ea710d6a5df39e
  MBProgressHUD: 4890f671c94e8a0f3cf959aa731e9de2f036d71a
  MJRefresh: b96cdb21c4aa75a7b07654311ab2f315c497e806
  NIMSDK: e8bbffed00573f15da73a7ba7748c1da8dc2aa50
  NJKWebViewProgress: f481fd424cb5ecc27eacae11b5397db92fba9a4d
  pili-librtmp: da10df0e835f135a75696cef429cc306773dd6f6
  PLMediaStreamingKit: 64427cb01e454fede4b6d4b85df93d7279ca9ab1
  QNNetDiag: 90727185d3cdd4f62f92b7f9b7d586451cf745d1
  SDWebImage: 098e97e6176540799c27e804c96653ee0833d13c
  SocketRocket: d57c7159b83c3c6655745cd15302aa24b6bae531
  TMCache: 95ebcc9b3c7e90fb5fd8fc3036cba3aa781c9bed
  UMengSocialCOM: 074c135ce349aa4c8848d3fb8458757bcb6ffb67
  YYKit: 7cda43304a8dc3696c449041e2cb3107b4e236e7

PODFILE CHECKSUM: 4a93837c3370d51e87241fb0dae59152ccb68847

COCOAPODS: 1.1.1
